// !$*UTF8*$!
{
	archiveVersion = 1;
	classes = {
	};
	objectVersion = 56;
	objects = {

/* Begin PBXBuildFile section */
		F266BC2C2D35E13F00141C7F /* OrderListView.swift in Sources */ = {isa = PBXBuildFile; fileRef = F266BC2B2D35E13E00141C7F /* OrderListView.swift */; };
		F266BC2E2D35F90100141C7F /* StoreLocationView.swift in Sources */ = {isa = PBXBuildFile; fileRef = F266BC2D2D35F90100141C7F /* StoreLocationView.swift */; };
		F266BC302D35F93000141C7F /* ProductDetailView.swift in Sources */ = {isa = PBXBuildFile; fileRef = F266BC2F2D35F93000141C7F /* ProductDetailView.swift */; };
		F266BC322D35F94C00141C7F /* PickedOrdersView.swift in Sources */ = {isa = PBXBuildFile; fileRef = F266BC312D35F94C00141C7F /* PickedOrdersView.swift */; };
		F266BC372D35FB3D00141C7F /* StoreLocations.swift in Sources */ = {isa = PBXBuildFile; fileRef = F266BC362D35FB3D00141C7F /* StoreLocations.swift */; };
		F266BC3B2D372A8700141C7F /* ProductAisleView.swift in Sources */ = {isa = PBXBuildFile; fileRef = F266BC3A2D372A8700141C7F /* ProductAisleView.swift */; };
		F2E6A5B12CCAF7B4005E4295 /* officeMaxMobiApp.swift in Sources */ = {isa = PBXBuildFile; fileRef = F2E6A5B02CCAF7B4005E4295 /* officeMaxMobiApp.swift */; };
		F2E6A5B32CCAF7B4005E4295 /* HomeView.swift in Sources */ = {isa = PBXBuildFile; fileRef = F2E6A5B22CCAF7B4005E4295 /* HomeView.swift */; };
		F2E6A5B52CCAF7B7005E4295 /* Assets.xcassets in Resources */ = {isa = PBXBuildFile; fileRef = F2E6A5B42CCAF7B7005E4295 /* Assets.xcassets */; };
		F2E6A5B82CCAF7B7005E4295 /* Preview Assets.xcassets in Resources */ = {isa = PBXBuildFile; fileRef = F2E6A5B72CCAF7B7005E4295 /* Preview Assets.xcassets */; };
		F2E6A5DB2CD5904C005E4295 /* PickOrderView.swift in Sources */ = {isa = PBXBuildFile; fileRef = F2E6A5DA2CD5904C005E4295 /* PickOrderView.swift */; };
		F2E6A5DD2CD5906B005E4295 /* ScanView.swift in Sources */ = {isa = PBXBuildFile; fileRef = F2E6A5DC2CD5906B005E4295 /* ScanView.swift */; };
		F2E6A5DF2CD59093005E4295 /* MoreView.swift in Sources */ = {isa = PBXBuildFile; fileRef = F2E6A5DE2CD59093005E4295 /* MoreView.swift */; };
		F2E6A5E12CD5A272005E4295 /* SearchView.swift in Sources */ = {isa = PBXBuildFile; fileRef = F2E6A5E02CD5A272005E4295 /* SearchView.swift */; };
		F2E6A6452CD84814005E4295 /* ContentView.swift in Sources */ = {isa = PBXBuildFile; fileRef = F2E6A6442CD84814005E4295 /* ContentView.swift */; };
		F2E6A6492CD8819D005E4295 /* LoginView.swift in Sources */ = {isa = PBXBuildFile; fileRef = F2E6A6482CD8819D005E4295 /* LoginView.swift */; };
		F2E6A64B2CD8A544005E4295 /* Launch Screen.storyboard in Resources */ = {isa = PBXBuildFile; fileRef = F2E6A64A2CD8A544005E4295 /* Launch Screen.storyboard */; };
/* End PBXBuildFile section */

/* Begin PBXFileReference section */
		F266BC2B2D35E13E00141C7F /* OrderListView.swift */ = {isa = PBXFileReference; lastKnownFileType = sourcecode.swift; path = OrderListView.swift; sourceTree = "<group>"; };
		F266BC2D2D35F90100141C7F /* StoreLocationView.swift */ = {isa = PBXFileReference; lastKnownFileType = sourcecode.swift; path = StoreLocationView.swift; sourceTree = "<group>"; };
		F266BC2F2D35F93000141C7F /* ProductDetailView.swift */ = {isa = PBXFileReference; lastKnownFileType = sourcecode.swift; path = ProductDetailView.swift; sourceTree = "<group>"; };
		F266BC312D35F94C00141C7F /* PickedOrdersView.swift */ = {isa = PBXFileReference; lastKnownFileType = sourcecode.swift; path = PickedOrdersView.swift; sourceTree = "<group>"; };
		F266BC362D35FB3D00141C7F /* StoreLocations.swift */ = {isa = PBXFileReference; lastKnownFileType = sourcecode.swift; path = StoreLocations.swift; sourceTree = "<group>"; };
		F266BC3A2D372A8700141C7F /* ProductAisleView.swift */ = {isa = PBXFileReference; lastKnownFileType = sourcecode.swift; path = ProductAisleView.swift; sourceTree = "<group>"; };
		F2E6A5AD2CCAF7B4005E4295 /* officeMaxMobiApp.app */ = {isa = PBXFileReference; explicitFileType = wrapper.application; includeInIndex = 0; path = officeMaxMobiApp.app; sourceTree = BUILT_PRODUCTS_DIR; };
		F2E6A5B02CCAF7B4005E4295 /* officeMaxMobiApp.swift */ = {isa = PBXFileReference; lastKnownFileType = sourcecode.swift; path = officeMaxMobiApp.swift; sourceTree = "<group>"; };
		F2E6A5B22CCAF7B4005E4295 /* HomeView.swift */ = {isa = PBXFileReference; lastKnownFileType = sourcecode.swift; path = HomeView.swift; sourceTree = "<group>"; };
		F2E6A5B42CCAF7B7005E4295 /* Assets.xcassets */ = {isa = PBXFileReference; lastKnownFileType = folder.assetcatalog; path = Assets.xcassets; sourceTree = "<group>"; };
		F2E6A5B72CCAF7B7005E4295 /* Preview Assets.xcassets */ = {isa = PBXFileReference; lastKnownFileType = folder.assetcatalog; path = "Preview Assets.xcassets"; sourceTree = "<group>"; };
		F2E6A5DA2CD5904C005E4295 /* PickOrderView.swift */ = {isa = PBXFileReference; lastKnownFileType = sourcecode.swift; path = PickOrderView.swift; sourceTree = "<group>"; };
		F2E6A5DC2CD5906B005E4295 /* ScanView.swift */ = {isa = PBXFileReference; lastKnownFileType = sourcecode.swift; path = ScanView.swift; sourceTree = "<group>"; };
		F2E6A5DE2CD59093005E4295 /* MoreView.swift */ = {isa = PBXFileReference; lastKnownFileType = sourcecode.swift; path = MoreView.swift; sourceTree = "<group>"; };
		F2E6A5E02CD5A272005E4295 /* SearchView.swift */ = {isa = PBXFileReference; lastKnownFileType = sourcecode.swift; path = SearchView.swift; sourceTree = "<group>"; };
		F2E6A6442CD84814005E4295 /* ContentView.swift */ = {isa = PBXFileReference; lastKnownFileType = sourcecode.swift; path = ContentView.swift; sourceTree = "<group>"; };
		F2E6A6482CD8819D005E4295 /* LoginView.swift */ = {isa = PBXFileReference; lastKnownFileType = sourcecode.swift; path = LoginView.swift; sourceTree = "<group>"; };
		F2E6A64A2CD8A544005E4295 /* Launch Screen.storyboard */ = {isa = PBXFileReference; lastKnownFileType = file.storyboard; path = "Launch Screen.storyboard"; sourceTree = "<group>"; };
/* End PBXFileReference section */

/* Begin PBXFrameworksBuildPhase section */
		F2E6A5AA2CCAF7B4005E4295 /* Frameworks */ = {
			isa = PBXFrameworksBuildPhase;
			buildActionMask = 2147483647;
			files = (
			);
			runOnlyForDeploymentPostprocessing = 0;
		};
/* End PBXFrameworksBuildPhase section */

/* Begin PBXGroup section */
		F266BC332D35FAD300141C7F /* Store */ = {
			isa = PBXGroup;
			children = (
				F266BC352D35FAF600141C7F /* ViewModel */,
				F266BC342D35FAE300141C7F /* View */,
			);
			path = Store;
			sourceTree = "<group>";
		};
		F266BC342D35FAE300141C7F /* View */ = {
			isa = PBXGroup;
			children = (
				F266BC2D2D35F90100141C7F /* StoreLocationView.swift */,
			);
			path = View;
			sourceTree = "<group>";
		};
		F266BC352D35FAF600141C7F /* ViewModel */ = {
			isa = PBXGroup;
			children = (
				F266BC362D35FB3D00141C7F /* StoreLocations.swift */,
			);
			path = ViewModel;
			sourceTree = "<group>";
		};
		F266BC3C2D48411500141C7F /* App */ = {
			isa = PBXGroup;
			children = (
				F2E6A5B02CCAF7B4005E4295 /* officeMaxMobiApp.swift */,
			);
			path = App;
			sourceTree = "<group>";
		};
		F266BC3D2D48424700141C7F /* Core */ = {
			isa = PBXGroup;
			children = (
				F266BC332D35FAD300141C7F /* Store */,
				F266BC562D48456C00141C7F /* Home */,
				F266BC472D48443400141C7F /* Orders */,
				F266BC462D4843B600141C7F /* More */,
				F266BC452D4843AD00141C7F /* Scan */,
				F266BC442D48438500141C7F /* Login */,
				F266BC432D48436100141C7F /* PickOrders */,
				F266BC422D48435400141C7F /* Search */,
				F266BC412D48433100141C7F /* Products */,
			);
			path = Core;
			sourceTree = "<group>";
		};
		F266BC3E2D48424F00141C7F /* Extensions */ = {
			isa = PBXGroup;
			children = (
			);
			path = Extensions;
			sourceTree = "<group>";
		};
		F266BC3F2D48425C00141C7F /* Managers */ = {
			isa = PBXGroup;
			children = (
			);
			path = Managers;
			sourceTree = "<group>";
		};
		F266BC402D48426600141C7F /* Models */ = {
			isa = PBXGroup;
			children = (
			);
			path = Models;
			sourceTree = "<group>";
		};
		F266BC412D48433100141C7F /* Products */ = {
			isa = PBXGroup;
			children = (
				F266BC4D2D48448C00141C7F /* ViewModel */,
				F266BC4C2D48448600141C7F /* View */,
			);
			path = Products;
			sourceTree = "<group>";
		};
		F266BC422D48435400141C7F /* Search */ = {
			isa = PBXGroup;
			children = (
				F266BC4B2D48447C00141C7F /* ViewModel */,
				F266BC4A2D48447600141C7F /* View */,
			);
			path = Search;
			sourceTree = "<group>";
		};
		F266BC432D48436100141C7F /* PickOrders */ = {
			isa = PBXGroup;
			children = (
				F266BC492D48446800141C7F /* ViewModels */,
				F266BC482D48445E00141C7F /* View */,
			);
			path = PickOrders;
			sourceTree = "<group>";
		};
		F266BC442D48438500141C7F /* Login */ = {
			isa = PBXGroup;
			children = (
				F266BC4F2D4844B000141C7F /* ViewModel */,
				F266BC4E2D4844A900141C7F /* View */,
			);
			path = Login;
			sourceTree = "<group>";
		};
		F266BC452D4843AD00141C7F /* Scan */ = {
			isa = PBXGroup;
			children = (
				F266BC512D4844C000141C7F /* ViewModel */,
				F266BC502D4844BA00141C7F /* View */,
			);
			path = Scan;
			sourceTree = "<group>";
		};
		F266BC462D4843B600141C7F /* More */ = {
			isa = PBXGroup;
			children = (
				F266BC532D4844D100141C7F /* ViewModel */,
				F266BC522D4844CA00141C7F /* View */,
			);
			path = More;
			sourceTree = "<group>";
		};
		F266BC472D48443400141C7F /* Orders */ = {
			isa = PBXGroup;
			children = (
				F266BC552D4844E600141C7F /* ViewModel */,
				F266BC542D4844E000141C7F /* View */,
			);
			path = Orders;
			sourceTree = "<group>";
		};
		F266BC482D48445E00141C7F /* View */ = {
			isa = PBXGroup;
			children = (
				F266BC312D35F94C00141C7F /* PickedOrdersView.swift */,
				F2E6A5DA2CD5904C005E4295 /* PickOrderView.swift */,
			);
			path = View;
			sourceTree = "<group>";
		};
		F266BC492D48446800141C7F /* ViewModels */ = {
			isa = PBXGroup;
			children = (
			);
			path = ViewModels;
			sourceTree = "<group>";
		};
		F266BC4A2D48447600141C7F /* View */ = {
			isa = PBXGroup;
			children = (
				F2E6A5E02CD5A272005E4295 /* SearchView.swift */,
			);
			path = View;
			sourceTree = "<group>";
		};
		F266BC4B2D48447C00141C7F /* ViewModel */ = {
			isa = PBXGroup;
			children = (
			);
			path = ViewModel;
			sourceTree = "<group>";
		};
		F266BC4C2D48448600141C7F /* View */ = {
			isa = PBXGroup;
			children = (
				F266BC3A2D372A8700141C7F /* ProductAisleView.swift */,
				F266BC2F2D35F93000141C7F /* ProductDetailView.swift */,
			);
			path = View;
			sourceTree = "<group>";
		};
		F266BC4D2D48448C00141C7F /* ViewModel */ = {
			isa = PBXGroup;
			children = (
			);
			path = ViewModel;
			sourceTree = "<group>";
		};
		F266BC4E2D4844A900141C7F /* View */ = {
			isa = PBXGroup;
			children = (
				F2E6A6482CD8819D005E4295 /* LoginView.swift */,
			);
			path = View;
			sourceTree = "<group>";
		};
		F266BC4F2D4844B000141C7F /* ViewModel */ = {
			isa = PBXGroup;
			children = (
			);
			path = ViewModel;
			sourceTree = "<group>";
		};
		F266BC502D4844BA00141C7F /* View */ = {
			isa = PBXGroup;
			children = (
				F2E6A5DC2CD5906B005E4295 /* ScanView.swift */,
			);
			path = View;
			sourceTree = "<group>";
		};
		F266BC512D4844C000141C7F /* ViewModel */ = {
			isa = PBXGroup;
			children = (
			);
			path = ViewModel;
			sourceTree = "<group>";
		};
		F266BC522D4844CA00141C7F /* View */ = {
			isa = PBXGroup;
			children = (
				F2E6A5DE2CD59093005E4295 /* MoreView.swift */,
			);
			path = View;
			sourceTree = "<group>";
		};
		F266BC532D4844D100141C7F /* ViewModel */ = {
			isa = PBXGroup;
			children = (
			);
			path = ViewModel;
			sourceTree = "<group>";
		};
		F266BC542D4844E000141C7F /* View */ = {
			isa = PBXGroup;
			children = (
				F266BC2B2D35E13E00141C7F /* OrderListView.swift */,
			);
			path = View;
			sourceTree = "<group>";
		};
		F266BC552D4844E600141C7F /* ViewModel */ = {
			isa = PBXGroup;
			children = (
			);
			path = ViewModel;
			sourceTree = "<group>";
		};
		F266BC562D48456C00141C7F /* Home */ = {
			isa = PBXGroup;
			children = (
				F266BC582D48458000141C7F /* ViewModel */,
				F266BC572D48457800141C7F /* View */,
			);
			path = Home;
			sourceTree = "<group>";
		};
		F266BC572D48457800141C7F /* View */ = {
			isa = PBXGroup;
			children = (
				F2E6A5B22CCAF7B4005E4295 /* HomeView.swift */,
			);
			path = View;
			sourceTree = "<group>";
		};
		F266BC582D48458000141C7F /* ViewModel */ = {
			isa = PBXGroup;
			children = (
			);
			path = ViewModel;
			sourceTree = "<group>";
		};
		F2E6A5A42CCAF7B4005E4295 = {
			isa = PBXGroup;
			children = (
				F2E6A5AF2CCAF7B4005E4295 /* officeMaxMobiApp */,
				F2E6A5AE2CCAF7B4005E4295 /* Products */,
			);
			sourceTree = "<group>";
		};
		F2E6A5AE2CCAF7B4005E4295 /* Products */ = {
			isa = PBXGroup;
			children = (
				F2E6A5AD2CCAF7B4005E4295 /* officeMaxMobiApp.app */,
			);
			name = Products;
			sourceTree = "<group>";
		};
		F2E6A5AF2CCAF7B4005E4295 /* officeMaxMobiApp */ = {
			isa = PBXGroup;
			children = (
				F266BC402D48426600141C7F /* Models */,
				F266BC3F2D48425C00141C7F /* Managers */,
				F266BC3E2D48424F00141C7F /* Extensions */,
				F266BC3D2D48424700141C7F /* Core */,
				F266BC3C2D48411500141C7F /* App */,
				F2E6A5B62CCAF7B7005E4295 /* Preview Content */,
				F2E6A6442CD84814005E4295 /* ContentView.swift */,
				F2E6A64A2CD8A544005E4295 /* Launch Screen.storyboard */,
				F2E6A5B42CCAF7B7005E4295 /* Assets.xcassets */,
			);
			path = officeMaxMobiApp;
			sourceTree = "<group>";
		};
		F2E6A5B62CCAF7B7005E4295 /* Preview Content */ = {
			isa = PBXGroup;
			children = (
				F2E6A5B72CCAF7B7005E4295 /* Preview Assets.xcassets */,
			);
			path = "Preview Content";
			sourceTree = "<group>";
		};
/* End PBXGroup section */

/* Begin PBXNativeTarget section */
		F2E6A5AC2CCAF7B4005E4295 /* officeMaxMobiApp */ = {
			isa = PBXNativeTarget;
			buildConfigurationList = F2E6A5BB2CCAF7B7005E4295 /* Build configuration list for PBXNativeTarget "officeMaxMobiApp" */;
			buildPhases = (
				F2E6A5A92CCAF7B4005E4295 /* Sources */,
				F2E6A5AA2CCAF7B4005E4295 /* Frameworks */,
				F2E6A5AB2CCAF7B4005E4295 /* Resources */,
			);
			buildRules = (
			);
			dependencies = (
			);
			name = officeMaxMobiApp;
			productName = officeMaxHomeScreen;
			productReference = F2E6A5AD2CCAF7B4005E4295 /* officeMaxMobiApp.app */;
			productType = "com.apple.product-type.application";
		};
/* End PBXNativeTarget section */

/* Begin PBXProject section */
		F2E6A5A52CCAF7B4005E4295 /* Project object */ = {
			isa = PBXProject;
			attributes = {
				BuildIndependentTargetsInParallel = 1;
				LastSwiftUpdateCheck = 1520;
				LastUpgradeCheck = 1520;
				TargetAttributes = {
					F2E6A5AC2CCAF7B4005E4295 = {
						CreatedOnToolsVersion = 15.2;
					};
				};
			};
			buildConfigurationList = F2E6A5A82CCAF7B4005E4295 /* Build configuration list for PBXProject "officeMaxMobiApp" */;
			compatibilityVersion = "Xcode 14.0";
			developmentRegion = en;
			hasScannedForEncodings = 0;
			knownRegions = (
				en,
				Base,
			);
			mainGroup = F2E6A5A42CCAF7B4005E4295;
			productRefGroup = F2E6A5AE2CCAF7B4005E4295 /* Products */;
			projectDirPath = "";
			projectRoot = "";
			targets = (
				F2E6A5AC2CCAF7B4005E4295 /* officeMaxMobiApp */,
			);
		};
/* End PBXProject section */

/* Begin PBXResourcesBuildPhase section */
		F2E6A5AB2CCAF7B4005E4295 /* Resources */ = {
			isa = PBXResourcesBuildPhase;
			buildActionMask = 2147483647;
			files = (
				F2E6A64B2CD8A544005E4295 /* Launch Screen.storyboard in Resources */,
				F2E6A5B82CCAF7B7005E4295 /* Preview Assets.xcassets in Resources */,
				F2E6A5B52CCAF7B7005E4295 /* Assets.xcassets in Resources */,
			);
			runOnlyForDeploymentPostprocessing = 0;
		};
/* End PBXResourcesBuildPhase section */

/* Begin PBXSourcesBuildPhase section */
		F2E6A5A92CCAF7B4005E4295 /* Sources */ = {
			isa = PBXSourcesBuildPhase;
			buildActionMask = 2147483647;
			files = (
				F2E6A5DB2CD5904C005E4295 /* PickOrderView.swift in Sources */,
				F266BC302D35F93000141C7F /* ProductDetailView.swift in Sources */,
				F2E6A5DF2CD59093005E4295 /* MoreView.swift in Sources */,
				F266BC322D35F94C00141C7F /* PickedOrdersView.swift in Sources */,
				F266BC2C2D35E13F00141C7F /* OrderListView.swift in Sources */,
				F2E6A6452CD84814005E4295 /* ContentView.swift in Sources */,
				F2E6A5B32CCAF7B4005E4295 /* HomeView.swift in Sources */,
				F2E6A5DD2CD5906B005E4295 /* ScanView.swift in Sources */,
				F2E6A5E12CD5A272005E4295 /* SearchView.swift in Sources */,
				F266BC3B2D372A8700141C7F /* ProductAisleView.swift in Sources */,
				F266BC2E2D35F90100141C7F /* StoreLocationView.swift in Sources */,
				F2E6A6492CD8819D005E4295 /* LoginView.swift in Sources */,
				F2E6A5B12CCAF7B4005E4295 /* officeMaxMobiApp.swift in Sources */,
				F266BC372D35FB3D00141C7F /* StoreLocations.swift in Sources */,
			);
			runOnlyForDeploymentPostprocessing = 0;
		};
/* End PBXSourcesBuildPhase section */

/* Begin XCBuildConfiguration section */
		F2E6A5B92CCAF7B7005E4295 /* Debug */ = {
			isa = XCBuildConfiguration;
			buildSettings = {
				ALWAYS_SEARCH_USER_PATHS = NO;
				ASSETCATALOG_COMPILER_GENERATE_SWIFT_ASSET_SYMBOL_EXTENSIONS = YES;
				CLANG_ANALYZER_NONNULL = YES;
				CLANG_ANALYZER_NUMBER_OBJECT_CONVERSION = YES_AGGRESSIVE;
				CLANG_CXX_LANGUAGE_STANDARD = "gnu++20";
				CLANG_ENABLE_MODULES = YES;
				CLANG_ENABLE_OBJC_ARC = YES;
				CLANG_ENABLE_OBJC_WEAK = YES;
				CLANG_WARN_BLOCK_CAPTURE_AUTORELEASING = YES;
				CLANG_WARN_BOOL_CONVERSION = YES;
				CLANG_WARN_COMMA = YES;
				CLANG_WARN_CONSTANT_CONVERSION = YES;
				CLANG_WARN_DEPRECATED_OBJC_IMPLEMENTATIONS = YES;
				CLANG_WARN_DIRECT_OBJC_ISA_USAGE = YES_ERROR;
				CLANG_WARN_DOCUMENTATION_COMMENTS = YES;
				CLANG_WARN_EMPTY_BODY = YES;
				CLANG_WARN_ENUM_CONVERSION = YES;
				CLANG_WARN_INFINITE_RECURSION = YES;
				CLANG_WARN_INT_CONVERSION = YES;
				CLANG_WARN_NON_LITERAL_NULL_CONVERSION = YES;
				CLANG_WARN_OBJC_IMPLICIT_RETAIN_SELF = YES;
				CLANG_WARN_OBJC_LITERAL_CONVERSION = YES;
				CLANG_WARN_OBJC_ROOT_CLASS = YES_ERROR;
				CLANG_WARN_QUOTED_INCLUDE_IN_FRAMEWORK_HEADER = YES;
				CLANG_WARN_RANGE_LOOP_ANALYSIS = YES;
				CLANG_WARN_STRICT_PROTOTYPES = YES;
				CLANG_WARN_SUSPICIOUS_MOVE = YES;
				CLANG_WARN_UNGUARDED_AVAILABILITY = YES_AGGRESSIVE;
				CLANG_WARN_UNREACHABLE_CODE = YES;
				CLANG_WARN__DUPLICATE_METHOD_MATCH = YES;
				COPY_PHASE_STRIP = NO;
				DEBUG_INFORMATION_FORMAT = dwarf;
				ENABLE_STRICT_OBJC_MSGSEND = YES;
				ENABLE_TESTABILITY = YES;
				ENABLE_USER_SCRIPT_SANDBOXING = YES;
				GCC_C_LANGUAGE_STANDARD = gnu17;
				GCC_DYNAMIC_NO_PIC = NO;
				GCC_NO_COMMON_BLOCKS = YES;
				GCC_OPTIMIZATION_LEVEL = 0;
				GCC_PREPROCESSOR_DEFINITIONS = (
					"DEBUG=1",
					"$(inherited)",
				);
				GCC_WARN_64_TO_32_BIT_CONVERSION = YES;
				GCC_WARN_ABOUT_RETURN_TYPE = YES_ERROR;
				GCC_WARN_UNDECLARED_SELECTOR = YES;
				GCC_WARN_UNINITIALIZED_AUTOS = YES_AGGRESSIVE;
				GCC_WARN_UNUSED_FUNCTION = YES;
				GCC_WARN_UNUSED_VARIABLE = YES;
				IPHONEOS_DEPLOYMENT_TARGET = 17.2;
				LOCALIZATION_PREFERS_STRING_CATALOGS = YES;
				MTL_ENABLE_DEBUG_INFO = INCLUDE_SOURCE;
				MTL_FAST_MATH = YES;
				ONLY_ACTIVE_ARCH = YES;
				SDKROOT = iphoneos;
				SWIFT_ACTIVE_COMPILATION_CONDITIONS = "DEBUG $(inherited)";
				SWIFT_OPTIMIZATION_LEVEL = "-Onone";
			};
			name = Debug;
		};
		F2E6A5BA2CCAF7B7005E4295 /* Release */ = {
			isa = XCBuildConfiguration;
			buildSettings = {
				ALWAYS_SEARCH_USER_PATHS = NO;
				ASSETCATALOG_COMPILER_GENERATE_SWIFT_ASSET_SYMBOL_EXTENSIONS = YES;
				CLANG_ANALYZER_NONNULL = YES;
				CLANG_ANALYZER_NUMBER_OBJECT_CONVERSION = YES_AGGRESSIVE;
				CLANG_CXX_LANGUAGE_STANDARD = "gnu++20";
				CLANG_ENABLE_MODULES = YES;
				CLANG_ENABLE_OBJC_ARC = YES;
				CLANG_ENABLE_OBJC_WEAK = YES;
				CLANG_WARN_BLOCK_CAPTURE_AUTORELEASING = YES;
				CLANG_WARN_BOOL_CONVERSION = YES;
				CLANG_WARN_COMMA = YES;
				CLANG_WARN_CONSTANT_CONVERSION = YES;
				CLANG_WARN_DEPRECATED_OBJC_IMPLEMENTATIONS = YES;
				CLANG_WARN_DIRECT_OBJC_ISA_USAGE = YES_ERROR;
				CLANG_WARN_DOCUMENTATION_COMMENTS = YES;
				CLANG_WARN_EMPTY_BODY = YES;
				CLANG_WARN_ENUM_CONVERSION = YES;
				CLANG_WARN_INFINITE_RECURSION = YES;
				CLANG_WARN_INT_CONVERSION = YES;
				CLANG_WARN_NON_LITERAL_NULL_CONVERSION = YES;
				CLANG_WARN_OBJC_IMPLICIT_RETAIN_SELF = YES;
				CLANG_WARN_OBJC_LITERAL_CONVERSION = YES;
				CLANG_WARN_OBJC_ROOT_CLASS = YES_ERROR;
				CLANG_WARN_QUOTED_INCLUDE_IN_FRAMEWORK_HEADER = YES;
				CLANG_WARN_RANGE_LOOP_ANALYSIS = YES;
				CLANG_WARN_STRICT_PROTOTYPES = YES;
				CLANG_WARN_SUSPICIOUS_MOVE = YES;
				CLANG_WARN_UNGUARDED_AVAILABILITY = YES_AGGRESSIVE;
				CLANG_WARN_UNREACHABLE_CODE = YES;
				CLANG_WARN__DUPLICATE_METHOD_MATCH = YES;
				COPY_PHASE_STRIP = NO;
				DEBUG_INFORMATION_FORMAT = "dwarf-with-dsym";
				ENABLE_NS_ASSERTIONS = NO;
				ENABLE_STRICT_OBJC_MSGSEND = YES;
				ENABLE_USER_SCRIPT_SANDBOXING = YES;
				GCC_C_LANGUAGE_STANDARD = gnu17;
				GCC_NO_COMMON_BLOCKS = YES;
				GCC_WARN_64_TO_32_BIT_CONVERSION = YES;
				GCC_WARN_ABOUT_RETURN_TYPE = YES_ERROR;
				GCC_WARN_UNDECLARED_SELECTOR = YES;
				GCC_WARN_UNINITIALIZED_AUTOS = YES_AGGRESSIVE;
				GCC_WARN_UNUSED_FUNCTION = YES;
				GCC_WARN_UNUSED_VARIABLE = YES;
				IPHONEOS_DEPLOYMENT_TARGET = 17.2;
				LOCALIZATION_PREFERS_STRING_CATALOGS = YES;
				MTL_ENABLE_DEBUG_INFO = NO;
				MTL_FAST_MATH = YES;
				SDKROOT = iphoneos;
				SWIFT_COMPILATION_MODE = wholemodule;
				VALIDATE_PRODUCT = YES;
			};
			name = Release;
		};
		F2E6A5BC2CCAF7B7005E4295 /* Debug */ = {
			isa = XCBuildConfiguration;
			buildSettings = {
				ASSETCATALOG_COMPILER_APPICON_NAME = AppIcon;
				ASSETCATALOG_COMPILER_GLOBAL_ACCENT_COLOR_NAME = AccentColor;
				CODE_SIGN_STYLE = Automatic;
				CURRENT_PROJECT_VERSION = 1;
				DEVELOPMENT_ASSET_PATHS = "\"officeMaxMobiApp/Preview Content\"";
				ENABLE_PREVIEWS = YES;
				GENERATE_INFOPLIST_FILE = YES;
				INFOPLIST_KEY_UIApplicationSceneManifest_Generation = YES;
				INFOPLIST_KEY_UIApplicationSupportsIndirectInputEvents = YES;
				INFOPLIST_KEY_UILaunchScreen_Generation = YES;
				INFOPLIST_KEY_UILaunchStoryboardName = "Launch Screen.storyboard";
				INFOPLIST_KEY_UISupportedInterfaceOrientations_iPad = "UIInterfaceOrientationPortrait UIInterfaceOrientationPortraitUpsideDown UIInterfaceOrientationLandscapeLeft UIInterfaceOrientationLandscapeRight";
				INFOPLIST_KEY_UISupportedInterfaceOrientations_iPhone = "UIInterfaceOrientationPortrait UIInterfaceOrientationLandscapeLeft UIInterfaceOrientationLandscapeRight";
				LD_RUNPATH_SEARCH_PATHS = (
					"$(inherited)",
					"@executable_path/Frameworks",
				);
				MARKETING_VERSION = 1.0;
				PRODUCT_BUNDLE_IDENTIFIER = com..officeMaxHomeScreen;
				PRODUCT_NAME = "$(TARGET_NAME)";
				SWIFT_EMIT_LOC_STRINGS = YES;
				SWIFT_VERSION = 5.0;
				TARGETED_DEVICE_FAMILY = "1,2";
			};
			name = Debug;
		};
		F2E6A5BD2CCAF7B7005E4295 /* Release */ = {
			isa = XCBuildConfiguration;
			buildSettings = {
				ASSETCATALOG_COMPILER_APPICON_NAME = AppIcon;
				ASSETCATALOG_COMPILER_GLOBAL_ACCENT_COLOR_NAME = AccentColor;
				CODE_SIGN_STYLE = Automatic;
				CURRENT_PROJECT_VERSION = 1;
				DEVELOPMENT_ASSET_PATHS = "\"officeMaxMobiApp/Preview Content\"";
				ENABLE_PREVIEWS = YES;
				GENERATE_INFOPLIST_FILE = YES;
				INFOPLIST_KEY_UIApplicationSceneManifest_Generation = YES;
				INFOPLIST_KEY_UIApplicationSupportsIndirectInputEvents = YES;
				INFOPLIST_KEY_UILaunchScreen_Generation = YES;
				INFOPLIST_KEY_UILaunchStoryboardName = "Launch Screen.storyboard";
				INFOPLIST_KEY_UISupportedInterfaceOrientations_iPad = "UIInterfaceOrientationPortrait UIInterfaceOrientationPortraitUpsideDown UIInterfaceOrientationLandscapeLeft UIInterfaceOrientationLandscapeRight";
				INFOPLIST_KEY_UISupportedInterfaceOrientations_iPhone = "UIInterfaceOrientationPortrait UIInterfaceOrientationLandscapeLeft UIInterfaceOrientationLandscapeRight";
				LD_RUNPATH_SEARCH_PATHS = (
					"$(inherited)",
					"@executable_path/Frameworks",
				);
				MARKETING_VERSION = 1.0;
				PRODUCT_BUNDLE_IDENTIFIER = com..officeMaxHomeScreen;
				PRODUCT_NAME = "$(TARGET_NAME)";
				SWIFT_EMIT_LOC_STRINGS = YES;
				SWIFT_VERSION = 5.0;
				TARGETED_DEVICE_FAMILY = "1,2";
			};
			name = Release;
		};
/* End XCBuildConfiguration section */

/* Begin XCConfigurationList section */
		F2E6A5A82CCAF7B4005E4295 /* Build configuration list for PBXProject "officeMaxMobiApp" */ = {
			isa = XCConfigurationList;
			buildConfigurations = (
				F2E6A5B92CCAF7B7005E4295 /* Debug */,
				F2E6A5BA2CCAF7B7005E4295 /* Release */,
			);
			defaultConfigurationIsVisible = 0;
			defaultConfigurationName = Release;
		};
		F2E6A5BB2CCAF7B7005E4295 /* Build configuration list for PBXNativeTarget "officeMaxMobiApp" */ = {
			isa = XCConfigurationList;
			buildConfigurations = (
				F2E6A5BC2CCAF7B7005E4295 /* Debug */,
				F2E6A5BD2CCAF7B7005E4295 /* Release */,
			);
			defaultConfigurationIsVisible = 0;
			defaultConfigurationName = Release;
		};
/* End XCConfigurationList section */
	};
	rootObject = F2E6A5A52CCAF7B4005E4295 /* Project object */;
}
